// !$*UTF8*$!
{
	archiveVersion = 1;
	classes = {
	};
	objectVersion = 46;
	objects = {

/* Begin PBXBuildFile section */
		7439217F1E5DE92100720BFB /* AppIcon.swift in Sources */ = {isa = PBXBuildFile; fileRef = 7439217E1E5DE92100720BFB /* AppIcon.swift */; };
		743921811E5DEDF100720BFB /* AppKit.framework in Frameworks */ = {isa = PBXBuildFile; fileRef = 743921801E5DEDF100720BFB /* AppKit.framework */; };
		74466BA51E5760FB0032382F /* ScriptingBridge.framework in Frameworks */ = {isa = PBXBuildFile; fileRef = 74466BA41E5760FB0032382F /* ScriptingBridge.framework */; };
		74466BA71E5761F90032382F /* BrowserApplication.swift in Sources */ = {isa = PBXBuildFile; fileRef = 74466BA61E5761F90032382F /* BrowserApplication.swift */; };
		744970C41E5397C60088C63C /* Windows.swift in Sources */ = {isa = PBXBuildFile; fileRef = 744970C31E5397C60088C63C /* Windows.swift */; };
		744970C61E5397F30088C63C /* Alfred.swift in Sources */ = {isa = PBXBuildFile; fileRef = 744970C51E5397F30088C63C /* Alfred.swift */; };
		744970C81E53981F0088C63C /* AlfredItems.swift in Sources */ = {isa = PBXBuildFile; fileRef = 744970C71E53981F0088C63C /* AlfredItems.swift */; };
		744970CA1E5398C30088C63C /* CommandLine+EnumWindows.swift in Sources */ = {isa = PBXBuildFile; fileRef = 744970C91E5398C30088C63C /* CommandLine+EnumWindows.swift */; };
		744970CC1E5398E90088C63C /* Array+Search.swift in Sources */ = {isa = PBXBuildFile; fileRef = 744970CB1E5398E90088C63C /* Array+Search.swift */; };
		74BA9E3E1E53270300C78C58 /* main.swift in Sources */ = {isa = PBXBuildFile; fileRef = 74BA9E3D1E53270300C78C58 /* main.swift */; };
		74FFC9621E98E7AA00EAA0FA /* ProcessNameProtocol.swift in Sources */ = {isa = PBXBuildFile; fileRef = 74FFC9611E98E7AA00EAA0FA /* ProcessNameProtocol.swift */; };
/* End PBXBuildFile section */

/* Begin PBXCopyFilesBuildPhase section */
		74BA9E381E53270300C78C58 /* CopyFiles */ = {
			isa = PBXCopyFilesBuildPhase;
			buildActionMask = 2147483647;
			dstPath = /usr/share/man/man1/;
			dstSubfolderSpec = 0;
			files = (
			);
			runOnlyForDeploymentPostprocessing = 1;
		};
/* End PBXCopyFilesBuildPhase section */

/* Begin PBXFileReference section */
		74236E301E5CBBEC007B6F1F /* AlfredWorkflow */ = {isa = PBXFileReference; lastKnownFileType = folder; path = AlfredWorkflow; sourceTree = "<group>"; };
		7439217E1E5DE92100720BFB /* AppIcon.swift */ = {isa = PBXFileReference; fileEncoding = 4; lastKnownFileType = sourcecode.swift; path = AppIcon.swift; sourceTree = "<group>"; };
		743921801E5DEDF100720BFB /* AppKit.framework */ = {isa = PBXFileReference; lastKnownFileType = wrapper.framework; name = AppKit.framework; path = System/Library/Frameworks/AppKit.framework; sourceTree = SDKROOT; };
		74466BA41E5760FB0032382F /* ScriptingBridge.framework */ = {isa = PBXFileReference; lastKnownFileType = wrapper.framework; name = ScriptingBridge.framework; path = System/Library/Frameworks/ScriptingBridge.framework; sourceTree = SDKROOT; };
		74466BA61E5761F90032382F /* BrowserApplication.swift */ = {isa = PBXFileReference; fileEncoding = 4; lastKnownFileType = sourcecode.swift; path = BrowserApplication.swift; sourceTree = "<group>"; };
		744970C31E5397C60088C63C /* Windows.swift */ = {isa = PBXFileReference; fileEncoding = 4; lastKnownFileType = sourcecode.swift; path = Windows.swift; sourceTree = "<group>"; };
		744970C51E5397F30088C63C /* Alfred.swift */ = {isa = PBXFileReference; fileEncoding = 4; lastKnownFileType = sourcecode.swift; path = Alfred.swift; sourceTree = "<group>"; };
		744970C71E53981F0088C63C /* AlfredItems.swift */ = {isa = PBXFileReference; fileEncoding = 4; lastKnownFileType = sourcecode.swift; path = AlfredItems.swift; sourceTree = "<group>"; };
		744970C91E5398C30088C63C /* CommandLine+EnumWindows.swift */ = {isa = PBXFileReference; fileEncoding = 4; lastKnownFileType = sourcecode.swift; path = "CommandLine+EnumWindows.swift"; sourceTree = "<group>"; };
		744970CB1E5398E90088C63C /* Array+Search.swift */ = {isa = PBXFileReference; fileEncoding = 4; lastKnownFileType = sourcecode.swift; path = "Array+Search.swift"; sourceTree = "<group>"; };
		74BA9E3A1E53270300C78C58 /* EnumWindows */ = {isa = PBXFileReference; explicitFileType = "compiled.mach-o.executable"; includeInIndex = 0; path = EnumWindows; sourceTree = BUILT_PRODUCTS_DIR; };
		74BA9E3D1E53270300C78C58 /* main.swift */ = {isa = PBXFileReference; lastKnownFileType = sourcecode.swift; path = main.swift; sourceTree = "<group>"; };
		74FFC9611E98E7AA00EAA0FA /* ProcessNameProtocol.swift */ = {isa = PBXFileReference; fileEncoding = 4; lastKnownFileType = sourcecode.swift; path = ProcessNameProtocol.swift; sourceTree = "<group>"; };
/* End PBXFileReference section */

/* Begin PBXFrameworksBuildPhase section */
		74BA9E371E53270300C78C58 /* Frameworks */ = {
			isa = PBXFrameworksBuildPhase;
			buildActionMask = 2147483647;
			files = (
				743921811E5DEDF100720BFB /* AppKit.framework in Frameworks */,
				74466BA51E5760FB0032382F /* ScriptingBridge.framework in Frameworks */,
			);
			runOnlyForDeploymentPostprocessing = 0;
		};
/* End PBXFrameworksBuildPhase section */

/* Begin PBXGroup section */
		7423A40E1E5F7BCD009F5325 /* AppsSupport */ = {
			isa = PBXGroup;
			children = (
				74466BA61E5761F90032382F /* BrowserApplication.swift */,
			);
			name = AppsSupport;
			sourceTree = "<group>";
		};
		74466BA31E5760FB0032382F /* Frameworks */ = {
			isa = PBXGroup;
			children = (
				743921801E5DEDF100720BFB /* AppKit.framework */,
				74466BA41E5760FB0032382F /* ScriptingBridge.framework */,
			);
			name = Frameworks;
			sourceTree = "<group>";
		};
		74BA9E311E53270300C78C58 = {
			isa = PBXGroup;
			children = (
				74236E301E5CBBEC007B6F1F /* AlfredWorkflow */,
				74BA9E3C1E53270300C78C58 /* EnumWindows */,
				74BA9E3B1E53270300C78C58 /* Products */,
				74466BA31E5760FB0032382F /* Frameworks */,
			);
			sourceTree = "<group>";
		};
		74BA9E3B1E53270300C78C58 /* Products */ = {
			isa = PBXGroup;
			children = (
				74BA9E3A1E53270300C78C58 /* EnumWindows */,
			);
			name = Products;
			sourceTree = "<group>";
		};
		74BA9E3C1E53270300C78C58 /* EnumWindows */ = {
			isa = PBXGroup;
			children = (
				7423A40E1E5F7BCD009F5325 /* AppsSupport */,
				74BA9E3D1E53270300C78C58 /* main.swift */,
				744970C51E5397F30088C63C /* Alfred.swift */,
				744970CB1E5398E90088C63C /* Array+Search.swift */,
				744970C91E5398C30088C63C /* CommandLine+EnumWindows.swift */,
				744970C31E5397C60088C63C /* Windows.swift */,
				744970C71E53981F0088C63C /* AlfredItems.swift */,
				7439217E1E5DE92100720BFB /* AppIcon.swift */,
				74FFC9611E98E7AA00EAA0FA /* ProcessNameProtocol.swift */,
			);
			path = EnumWindows;
			sourceTree = "<group>";
		};
/* End PBXGroup section */

/* Begin PBXNativeTarget section */
		74BA9E391E53270300C78C58 /* EnumWindows */ = {
			isa = PBXNativeTarget;
			buildConfigurationList = 74BA9E411E53270300C78C58 /* Build configuration list for PBXNativeTarget "EnumWindows" */;
			buildPhases = (
				74BA9E361E53270300C78C58 /* Sources */,
				74BA9E371E53270300C78C58 /* Frameworks */,
				74BA9E381E53270300C78C58 /* CopyFiles */,
			);
			buildRules = (
			);
			dependencies = (
			);
			name = EnumWindows;
			productName = EnumWindows;
			productReference = 74BA9E3A1E53270300C78C58 /* EnumWindows */;
			productType = "com.apple.product-type.tool";
		};
/* End PBXNativeTarget section */

/* Begin PBXProject section */
		74BA9E321E53270300C78C58 /* Project object */ = {
			isa = PBXProject;
			attributes = {
				LastSwiftUpdateCheck = 0820;
				LastUpgradeCheck = 0820;
				ORGANIZATIONNAME = "Igor Mandrigin";
				TargetAttributes = {
					74BA9E391E53270300C78C58 = {
						CreatedOnToolsVersion = 8.2.1;
						DevelopmentTeam = LADJFGFXHV;
						LastSwiftMigration = 1010;
						ProvisioningStyle = Automatic;
					};
				};
			};
			buildConfigurationList = 74BA9E351E53270300C78C58 /* Build configuration list for PBXProject "EnumWindows" */;
			compatibilityVersion = "Xcode 3.2";
			developmentRegion = English;
			hasScannedForEncodings = 0;
			knownRegions = (
				English,
				en,
			);
			mainGroup = 74BA9E311E53270300C78C58;
			productRefGroup = 74BA9E3B1E53270300C78C58 /* Products */;
			projectDirPath = "";
			projectRoot = "";
			targets = (
				74BA9E391E53270300C78C58 /* EnumWindows */,
			);
		};
/* End PBXProject section */

/* Begin PBXSourcesBuildPhase section */
		74BA9E361E53270300C78C58 /* Sources */ = {
			isa = PBXSourcesBuildPhase;
			buildActionMask = 2147483647;
			files = (
				744970CA1E5398C30088C63C /* CommandLine+EnumWindows.swift in Sources */,
				744970CC1E5398E90088C63C /* Array+Search.swift in Sources */,
				744970C61E5397F30088C63C /* Alfred.swift in Sources */,
				74BA9E3E1E53270300C78C58 /* main.swift in Sources */,
				74466BA71E5761F90032382F /* BrowserApplication.swift in Sources */,
				744970C81E53981F0088C63C /* AlfredItems.swift in Sources */,
				7439217F1E5DE92100720BFB /* AppIcon.swift in Sources */,
				744970C41E5397C60088C63C /* Windows.swift in Sources */,
				74FFC9621E98E7AA00EAA0FA /* ProcessNameProtocol.swift in Sources */,
			);
			runOnlyForDeploymentPostprocessing = 0;
		};
/* End PBXSourcesBuildPhase section */

/* Begin XCBuildConfiguration section */
		74BA9E3F1E53270300C78C58 /* Debug */ = {
			isa = XCBuildConfiguration;
			buildSettings = {
				ALWAYS_SEARCH_USER_PATHS = NO;
				CLANG_ANALYZER_NONNULL = YES;
				CLANG_CXX_LANGUAGE_STANDARD = "gnu++0x";
				CLANG_CXX_LIBRARY = "libc++";
				CLANG_ENABLE_MODULES = YES;
				CLANG_ENABLE_OBJC_ARC = YES;
				CLANG_WARN_BOOL_CONVERSION = YES;
				CLANG_WARN_CONSTANT_CONVERSION = YES;
				CLANG_WARN_DIRECT_OBJC_ISA_USAGE = YES_ERROR;
				CLANG_WARN_DOCUMENTATION_COMMENTS = YES;
				CLANG_WARN_EMPTY_BODY = YES;
				CLANG_WARN_ENUM_CONVERSION = YES;
				CLANG_WARN_INFINITE_RECURSION = YES;
				CLANG_WARN_INT_CONVERSION = YES;
				CLANG_WARN_OBJC_ROOT_CLASS = YES_ERROR;
				CLANG_WARN_SUSPICIOUS_MOVE = YES;
				CLANG_WARN_UNREACHABLE_CODE = YES;
				CLANG_WARN__DUPLICATE_METHOD_MATCH = YES;
				CODE_SIGN_IDENTITY = "-";
				COPY_PHASE_STRIP = NO;
				DEBUG_INFORMATION_FORMAT = dwarf;
				ENABLE_STRICT_OBJC_MSGSEND = YES;
				ENABLE_TESTABILITY = YES;
				GCC_C_LANGUAGE_STANDARD = gnu99;
				GCC_DYNAMIC_NO_PIC = NO;
				GCC_NO_COMMON_BLOCKS = YES;
				GCC_OPTIMIZATION_LEVEL = 0;
				GCC_PREPROCESSOR_DEFINITIONS = (
					"DEBUG=1",
					"$(inherited)",
				);
				GCC_WARN_64_TO_32_BIT_CONVERSION = YES;
				GCC_WARN_ABOUT_RETURN_TYPE = YES_ERROR;
				GCC_WARN_UNDECLARED_SELECTOR = YES;
				GCC_WARN_UNINITIALIZED_AUTOS = YES_AGGRESSIVE;
				GCC_WARN_UNUSED_FUNCTION = YES;
				GCC_WARN_UNUSED_VARIABLE = YES;
				MACOSX_DEPLOYMENT_TARGET = 10.12;
				ONLY_ACTIVE_ARCH = YES;
				SDKROOT = macosx;
				SWIFT_INSTALL_OBJC_HEADER = NO;
				SWIFT_OBJC_INTERFACE_HEADER_NAME = "";
				SWIFT_OPTIMIZATION_LEVEL = "-Onone";
			};
			name = Debug;
		};
		74BA9E401E53270300C78C58 /* Release */ = {
			isa = XCBuildConfiguration;
			buildSettings = {
				ALWAYS_SEARCH_USER_PATHS = NO;
				CLANG_ANALYZER_NONNULL = YES;
				CLANG_CXX_LANGUAGE_STANDARD = "gnu++0x";
				CLANG_CXX_LIBRARY = "libc++";
				CLANG_ENABLE_MODULES = YES;
				CLANG_ENABLE_OBJC_ARC = YES;
				CLANG_WARN_BOOL_CONVERSION = YES;
				CLANG_WARN_CONSTANT_CONVERSION = YES;
				CLANG_WARN_DIRECT_OBJC_ISA_USAGE = YES_ERROR;
				CLANG_WARN_DOCUMENTATION_COMMENTS = YES;
				CLANG_WARN_EMPTY_BODY = YES;
				CLANG_WARN_ENUM_CONVERSION = YES;
				CLANG_WARN_INFINITE_RECURSION = YES;
				CLANG_WARN_INT_CONVERSION = YES;
				CLANG_WARN_OBJC_ROOT_CLASS = YES_ERROR;
				CLANG_WARN_SUSPICIOUS_MOVE = YES;
				CLANG_WARN_UNREACHABLE_CODE = YES;
				CLANG_WARN__DUPLICATE_METHOD_MATCH = YES;
				CODE_SIGN_IDENTITY = "-";
				COPY_PHASE_STRIP = NO;
				DEBUG_INFORMATION_FORMAT = "dwarf-with-dsym";
				ENABLE_NS_ASSERTIONS = NO;
				ENABLE_STRICT_OBJC_MSGSEND = YES;
				GCC_C_LANGUAGE_STANDARD = gnu99;
				GCC_NO_COMMON_BLOCKS = YES;
				GCC_WARN_64_TO_32_BIT_CONVERSION = YES;
				GCC_WARN_ABOUT_RETURN_TYPE = YES_ERROR;
				GCC_WARN_UNDECLARED_SELECTOR = YES;
				GCC_WARN_UNINITIALIZED_AUTOS = YES_AGGRESSIVE;
				GCC_WARN_UNUSED_FUNCTION = YES;
				GCC_WARN_UNUSED_VARIABLE = YES;
				MACOSX_DEPLOYMENT_TARGET = 10.12;
				SDKROOT = macosx;
				SWIFT_INSTALL_OBJC_HEADER = NO;
				SWIFT_OBJC_INTERFACE_HEADER_NAME = "";
			};
			name = Release;
		};
		74BA9E421E53270300C78C58 /* Debug */ = {
			isa = XCBuildConfiguration;
			buildSettings = {
				CODE_SIGN_IDENTITY = "Mac Developer";
				DEVELOPMENT_TEAM = LADJFGFXHV;
				PRODUCT_BUNDLE_IDENTIFIER = ru.mandrigin.EnumWindows;
				PRODUCT_NAME = "$(TARGET_NAME)";
				SWIFT_SWIFT3_OBJC_INFERENCE = On;
				SWIFT_VERSION = 4.2;
			};
			name = Debug;
		};
		74BA9E431E53270300C78C58 /* Release */ = {
			isa = XCBuildConfiguration;
			buildSettings = {
				CODE_SIGN_IDENTITY = "Mac Developer";
				DEVELOPMENT_TEAM = LADJFGFXHV;
				PRODUCT_BUNDLE_IDENTIFIER = ru.mandrigin.EnumWindows;
				PRODUCT_NAME = "$(TARGET_NAME)";
				SWIFT_SWIFT3_OBJC_INFERENCE = On;
				SWIFT_VERSION = 4.2;
			};
			name = Release;
		};
/* End XCBuildConfiguration section */

/* Begin XCConfigurationList section */
		74BA9E351E53270300C78C58 /* Build configuration list for PBXProject "EnumWindows" */ = {
			isa = XCConfigurationList;
			buildConfigurations = (
				74BA9E3F1E53270300C78C58 /* Debug */,
				74BA9E401E53270300C78C58 /* Release */,
			);
			defaultConfigurationIsVisible = 0;
			defaultConfigurationName = Release;
		};
		74BA9E411E53270300C78C58 /* Build configuration list for PBXNativeTarget "EnumWindows" */ = {
			isa = XCConfigurationList;
			buildConfigurations = (
				74BA9E421E53270300C78C58 /* Debug */,
				74BA9E431E53270300C78C58 /* Release */,
			);
			defaultConfigurationIsVisible = 0;
			defaultConfigurationName = Release;
		};
/* End XCConfigurationList section */
	};
	rootObject = 74BA9E321E53270300C78C58 /* Project object */;
}
